<?xml version="1.0" encoding="utf-8"?>
<Project ToolsVersion="16.0" xmlns="http://schemas.microsoft.com/developer/msbuild/2003">
  <ItemGroup>
    <ClCompile Include="D:\Programming\cocos2d-x\BottleAdventure\Classes\AppDelegate.cpp">
      <Filter>Source Files\Classes</Filter>
    </ClCompile>
    <ClCompile Include="D:\Programming\cocos2d-x\BottleAdventure\Classes\HelloWorldScene.cpp">
      <Filter>Source Files\Classes</Filter>
    </ClCompile>
    <ClCompile Include="D:\Programming\cocos2d-x\BottleAdventure\proj.win32\main.cpp">
      <Filter>Source Files\proj.win32</Filter>
    </ClCompile>
    <ClCompile Include="D:\Programming\cocos2d-x\BottleAdventure\cocos2d\cocos\precheader.cpp">
      <Filter>Source Files</Filter>
    </ClCompile>
    <ClCompile Include="..\Classes\MainScene.cpp">
      <Filter>Source Files\Classes</Filter>
    </ClCompile>
  </ItemGroup>
  <ItemGroup>
    <ClInclude Include="D:\Programming\cocos2d-x\BottleAdventure\Classes\AppDelegate.h">
      <Filter>Source Files\Classes</Filter>
    </ClInclude>
    <ClInclude Include="D:\Programming\cocos2d-x\BottleAdventure\Classes\HelloWorldScene.h">
      <Filter>Source Files\Classes</Filter>
    </ClInclude>
    <ClInclude Include="D:\Programming\cocos2d-x\BottleAdventure\proj.win32\main.h">
      <Filter>Source Files\proj.win32</Filter>
    </ClInclude>
    <ClInclude Include="D:\Programming\cocos2d-x\BottleAdventure\proj.win32\resource.h">
      <Filter>Source Files\proj.win32</Filter>
    </ClInclude>
    <ClInclude Include="D:\Programming\cocos2d-x\BottleAdventure\Resources\CloseNormal.png">
      <Filter>Resources</Filter>
    </ClInclude>
    <ClInclude Include="D:\Programming\cocos2d-x\BottleAdventure\Resources\CloseSelected.png">
      <Filter>Resources</Filter>
    </ClInclude>
    <ClInclude Include="D:\Programming\cocos2d-x\BottleAdventure\Resources\HelloWorld.png">
      <Filter>Resources</Filter>
    </ClInclude>
    <ClInclude Include="D:\Programming\cocos2d-x\BottleAdventure\Resources\fonts\Marker Felt.ttf">
      <Filter>Resources\fonts</Filter>
    </ClInclude>
    <ClInclude Include="D:\Programming\cocos2d-x\BottleAdventure\Resources\fonts\arial.ttf">
      <Filter>Resources\fonts</Filter>
    </ClInclude>
    <ClInclude Include="D:\Programming\cocos2d-x\BottleAdventure\Resources\res\.gitkeep">
      <Filter>Resources\res</Filter>
    </ClInclude>
    <ClInclude Include="..\Classes\MainScene.h">
      <Filter>Source Files\Classes</Filter>
    </ClInclude>
  </ItemGroup>
  <ItemGroup>
    <CustomBuild Include="D:\Programming\cocos2d-x\BottleAdventure\CMakeLists.txt" />
  </ItemGroup>
  <ItemGroup>
    <ResourceCompile Include="D:\Programming\cocos2d-x\BottleAdventure\proj.win32\game.rc">
      <Filter>Source Files\proj.win32</Filter>
    </ResourceCompile>
  </ItemGroup>
  <ItemGroup>
    <Filter Include="Resources">
      <UniqueIdentifier>{670BEB44-8558-3841-B284-25136EE100B8}</UniqueIdentifier>
    </Filter>
    <Filter Include="Resources\fonts">
      <UniqueIdentifier>{C60E5168-20AE-33DE-B94B-C5EC76068EC8}</UniqueIdentifier>
    </Filter>
    <Filter Include="Resources\res">
      <UniqueIdentifier>{75CDF03C-F85F-3648-B68E-56082BD85386}</UniqueIdentifier>
    </Filter>
    <Filter Include="Source Files">
      <UniqueIdentifier>{FDDEECC6-E5C1-325D-84CF-7ED4BA23ED3F}</UniqueIdentifier>
    </Filter>
    <Filter Include="Source Files\Classes">
      <UniqueIdentifier>{1BA023A5-DF1D-318C-B039-CDDF67475579}</UniqueIdentifier>
    </Filter>
    <Filter Include="Source Files\proj.win32">
      <UniqueIdentifier>{1E0FB9C7-861B-31BE-856B-5E3014EC6ACB}</UniqueIdentifier>
    </Filter>
  </ItemGroup>
</Project>