
Microsoft Visual Studio Solution File, Format Version 12.00
# Visual Studio Version 16
Project("{2150E333-8FDC-42A3-9474-1A3956D46DE8}") = "CMakePredefinedTargets", "CMakePredefinedTargets", "{04255A26-47E8-37E4-86BA-A82AE25A3584}"
EndProject
Project("{2150E333-8FDC-42A3-9474-1A3956D46DE8}") = "External", "External", "{B490C04C-8535-3113-867F-15713726BFBF}"
EndProject
Project("{2150E333-8FDC-42A3-9474-1A3956D46DE8}") = "Internal", "Internal", "{1F0A0DB7-1A93-3F8F-83C2-1B26BB5800D1}"
EndProject
Project("{8BC9CEB8-8B4A-11D0-8D11-00A0C91BC942}") = "ALL_BUILD", "ALL_BUILD.vcxproj", "{E599A517-65A0-345F-BE56-80813FD7FF82}"
	ProjectSection(ProjectDependencies) = postProject
		{7158A847-7CD6-3BC1-BCD5-959923E5F568} = {7158A847-7CD6-3BC1-BCD5-959923E5F568}
		{12749C70-CC82-3A98-B961-00FCA7573F32} = {12749C70-CC82-3A98-B961-00FCA7573F32}
		{ECFC747B-29D9-3B76-81AD-8A63F0C385BC} = {ECFC747B-29D9-3B76-81AD-8A63F0C385BC}
		{58ECAE33-EBFC-3520-89CC-85E1E330E8AC} = {58ECAE33-EBFC-3520-89CC-85E1E330E8AC}
		{78CC1C35-8E3C-3E3B-BFB0-93A02DB8AAC6} = {78CC1C35-8E3C-3E3B-BFB0-93A02DB8AAC6}
		{A5D53202-5A3D-341B-9CCE-092339E529C8} = {A5D53202-5A3D-341B-9CCE-092339E529C8}
		{0CB74702-42A7-30F8-8864-52B4C6EAB144} = {0CB74702-42A7-30F8-8864-52B4C6EAB144}
		{A1E48E45-6ADD-3834-BD01-DA835358CBC9} = {A1E48E45-6ADD-3834-BD01-DA835358CBC9}
		{5F7A83FF-0DFA-3C78-926C-5FEBC1A8B4A1} = {5F7A83FF-0DFA-3C78-926C-5FEBC1A8B4A1}
		{5F487574-874A-3C9C-A4D9-FE2C453631D6} = {5F487574-874A-3C9C-A4D9-FE2C453631D6}
		{E070C2D5-26E3-3D2D-82A7-27647D21A08E} = {E070C2D5-26E3-3D2D-82A7-27647D21A08E}
		{26FD2EE5-5A2C-3019-9246-E8D3084C24F4} = {26FD2EE5-5A2C-3019-9246-E8D3084C24F4}
		{6A1FAF4A-26A1-3553-9707-170D490E8DE1} = {6A1FAF4A-26A1-3553-9707-170D490E8DE1}
	EndProjectSection
EndProject
Project("{8BC9CEB8-8B4A-11D0-8D11-00A0C91BC942}") = "ZERO_CHECK", "..\..\..\\ZERO_CHECK.vcxproj", "{7158A847-7CD6-3BC1-BCD5-959923E5F568}"
	ProjectSection(ProjectDependencies) = postProject
	EndProjectSection
EndProject
Project("{8BC9CEB8-8B4A-11D0-8D11-00A0C91BC942}") = "cocos2d", "cocos2d.vcxproj", "{12749C70-CC82-3A98-B961-00FCA7573F32}"
	ProjectSection(ProjectDependencies) = postProject
		{7158A847-7CD6-3BC1-BCD5-959923E5F568} = {7158A847-7CD6-3BC1-BCD5-959923E5F568}
		{ECFC747B-29D9-3B76-81AD-8A63F0C385BC} = {ECFC747B-29D9-3B76-81AD-8A63F0C385BC}
		{58ECAE33-EBFC-3520-89CC-85E1E330E8AC} = {58ECAE33-EBFC-3520-89CC-85E1E330E8AC}
		{78CC1C35-8E3C-3E3B-BFB0-93A02DB8AAC6} = {78CC1C35-8E3C-3E3B-BFB0-93A02DB8AAC6}
		{A5D53202-5A3D-341B-9CCE-092339E529C8} = {A5D53202-5A3D-341B-9CCE-092339E529C8}
		{0CB74702-42A7-30F8-8864-52B4C6EAB144} = {0CB74702-42A7-30F8-8864-52B4C6EAB144}
		{A1E48E45-6ADD-3834-BD01-DA835358CBC9} = {A1E48E45-6ADD-3834-BD01-DA835358CBC9}
		{5F7A83FF-0DFA-3C78-926C-5FEBC1A8B4A1} = {5F7A83FF-0DFA-3C78-926C-5FEBC1A8B4A1}
		{5F487574-874A-3C9C-A4D9-FE2C453631D6} = {5F487574-874A-3C9C-A4D9-FE2C453631D6}
		{E070C2D5-26E3-3D2D-82A7-27647D21A08E} = {E070C2D5-26E3-3D2D-82A7-27647D21A08E}
		{26FD2EE5-5A2C-3019-9246-E8D3084C24F4} = {26FD2EE5-5A2C-3019-9246-E8D3084C24F4}
		{6A1FAF4A-26A1-3553-9707-170D490E8DE1} = {6A1FAF4A-26A1-3553-9707-170D490E8DE1}
	EndProjectSection
EndProject
Project("{8BC9CEB8-8B4A-11D0-8D11-00A0C91BC942}") = "ext_clipper", "..\..\external\clipper\ext_clipper.vcxproj", "{ECFC747B-29D9-3B76-81AD-8A63F0C385BC}"
	ProjectSection(ProjectDependencies) = postProject
		{7158A847-7CD6-3BC1-BCD5-959923E5F568} = {7158A847-7CD6-3BC1-BCD5-959923E5F568}
	EndProjectSection
EndProject
Project("{8BC9CEB8-8B4A-11D0-8D11-00A0C91BC942}") = "ext_convertUTF", "..\..\external\ConvertUTF\ext_convertUTF.vcxproj", "{58ECAE33-EBFC-3520-89CC-85E1E330E8AC}"
	ProjectSection(ProjectDependencies) = postProject
		{7158A847-7CD6-3BC1-BCD5-959923E5F568} = {7158A847-7CD6-3BC1-BCD5-959923E5F568}
	EndProjectSection
EndProject
Project("{8BC9CEB8-8B4A-11D0-8D11-00A0C91BC942}") = "ext_edtaa3func", "..\..\external\edtaa3func\ext_edtaa3func.vcxproj", "{78CC1C35-8E3C-3E3B-BFB0-93A02DB8AAC6}"
	ProjectSection(ProjectDependencies) = postProject
		{7158A847-7CD6-3BC1-BCD5-959923E5F568} = {7158A847-7CD6-3BC1-BCD5-959923E5F568}
	EndProjectSection
EndProject
Project("{8BC9CEB8-8B4A-11D0-8D11-00A0C91BC942}") = "ext_md5", "..\..\external\md5\ext_md5.vcxproj", "{A5D53202-5A3D-341B-9CCE-092339E529C8}"
	ProjectSection(ProjectDependencies) = postProject
		{7158A847-7CD6-3BC1-BCD5-959923E5F568} = {7158A847-7CD6-3BC1-BCD5-959923E5F568}
	EndProjectSection
EndProject
Project("{8BC9CEB8-8B4A-11D0-8D11-00A0C91BC942}") = "ext_poly2tri", "..\..\external\poly2tri\ext_poly2tri.vcxproj", "{0CB74702-42A7-30F8-8864-52B4C6EAB144}"
	ProjectSection(ProjectDependencies) = postProject
		{7158A847-7CD6-3BC1-BCD5-959923E5F568} = {7158A847-7CD6-3BC1-BCD5-959923E5F568}
	EndProjectSection
EndProject
Project("{8BC9CEB8-8B4A-11D0-8D11-00A0C91BC942}") = "ext_recast", "..\..\external\recast\ext_recast.vcxproj", "{A1E48E45-6ADD-3834-BD01-DA835358CBC9}"
	ProjectSection(ProjectDependencies) = postProject
		{7158A847-7CD6-3BC1-BCD5-959923E5F568} = {7158A847-7CD6-3BC1-BCD5-959923E5F568}
	EndProjectSection
EndProject
Project("{8BC9CEB8-8B4A-11D0-8D11-00A0C91BC942}") = "ext_tinyxml2", "..\..\external\tinyxml2\ext_tinyxml2.vcxproj", "{5F7A83FF-0DFA-3C78-926C-5FEBC1A8B4A1}"
	ProjectSection(ProjectDependencies) = postProject
		{7158A847-7CD6-3BC1-BCD5-959923E5F568} = {7158A847-7CD6-3BC1-BCD5-959923E5F568}
	EndProjectSection
EndProject
Project("{8BC9CEB8-8B4A-11D0-8D11-00A0C91BC942}") = "ext_unzip", "..\..\external\unzip\ext_unzip.vcxproj", "{5F487574-874A-3C9C-A4D9-FE2C453631D6}"
	ProjectSection(ProjectDependencies) = postProject
		{7158A847-7CD6-3BC1-BCD5-959923E5F568} = {7158A847-7CD6-3BC1-BCD5-959923E5F568}
	EndProjectSection
EndProject
Project("{8BC9CEB8-8B4A-11D0-8D11-00A0C91BC942}") = "ext_xxhash", "..\..\external\xxhash\ext_xxhash.vcxproj", "{E070C2D5-26E3-3D2D-82A7-27647D21A08E}"
	ProjectSection(ProjectDependencies) = postProject
		{7158A847-7CD6-3BC1-BCD5-959923E5F568} = {7158A847-7CD6-3BC1-BCD5-959923E5F568}
	EndProjectSection
EndProject
Project("{8BC9CEB8-8B4A-11D0-8D11-00A0C91BC942}") = "ext_xxtea", "..\..\external\xxtea\ext_xxtea.vcxproj", "{26FD2EE5-5A2C-3019-9246-E8D3084C24F4}"
	ProjectSection(ProjectDependencies) = postProject
		{7158A847-7CD6-3BC1-BCD5-959923E5F568} = {7158A847-7CD6-3BC1-BCD5-959923E5F568}
	EndProjectSection
EndProject
Project("{8BC9CEB8-8B4A-11D0-8D11-00A0C91BC942}") = "external", "..\..\external\external.vcxproj", "{6A1FAF4A-26A1-3553-9707-170D490E8DE1}"
	ProjectSection(ProjectDependencies) = postProject
		{7158A847-7CD6-3BC1-BCD5-959923E5F568} = {7158A847-7CD6-3BC1-BCD5-959923E5F568}
		{ECFC747B-29D9-3B76-81AD-8A63F0C385BC} = {ECFC747B-29D9-3B76-81AD-8A63F0C385BC}
		{58ECAE33-EBFC-3520-89CC-85E1E330E8AC} = {58ECAE33-EBFC-3520-89CC-85E1E330E8AC}
		{78CC1C35-8E3C-3E3B-BFB0-93A02DB8AAC6} = {78CC1C35-8E3C-3E3B-BFB0-93A02DB8AAC6}
		{A5D53202-5A3D-341B-9CCE-092339E529C8} = {A5D53202-5A3D-341B-9CCE-092339E529C8}
		{0CB74702-42A7-30F8-8864-52B4C6EAB144} = {0CB74702-42A7-30F8-8864-52B4C6EAB144}
		{A1E48E45-6ADD-3834-BD01-DA835358CBC9} = {A1E48E45-6ADD-3834-BD01-DA835358CBC9}
		{5F7A83FF-0DFA-3C78-926C-5FEBC1A8B4A1} = {5F7A83FF-0DFA-3C78-926C-5FEBC1A8B4A1}
		{5F487574-874A-3C9C-A4D9-FE2C453631D6} = {5F487574-874A-3C9C-A4D9-FE2C453631D6}
		{E070C2D5-26E3-3D2D-82A7-27647D21A08E} = {E070C2D5-26E3-3D2D-82A7-27647D21A08E}
		{26FD2EE5-5A2C-3019-9246-E8D3084C24F4} = {26FD2EE5-5A2C-3019-9246-E8D3084C24F4}
	EndProjectSection
EndProject
Global
	GlobalSection(SolutionConfigurationPlatforms) = preSolution
		Debug|Win32 = Debug|Win32
		Release|Win32 = Release|Win32
		MinSizeRel|Win32 = MinSizeRel|Win32
		RelWithDebInfo|Win32 = RelWithDebInfo|Win32
	EndGlobalSection
	GlobalSection(ProjectConfigurationPlatforms) = postSolution
		{E599A517-65A0-345F-BE56-80813FD7FF82}.Debug|Win32.ActiveCfg = Debug|Win32
		{E599A517-65A0-345F-BE56-80813FD7FF82}.Release|Win32.ActiveCfg = Release|Win32
		{E599A517-65A0-345F-BE56-80813FD7FF82}.MinSizeRel|Win32.ActiveCfg = MinSizeRel|Win32
		{E599A517-65A0-345F-BE56-80813FD7FF82}.RelWithDebInfo|Win32.ActiveCfg = RelWithDebInfo|Win32
		{7158A847-7CD6-3BC1-BCD5-959923E5F568}.Debug|Win32.ActiveCfg = Debug|Win32
		{7158A847-7CD6-3BC1-BCD5-959923E5F568}.Debug|Win32.Build.0 = Debug|Win32
		{7158A847-7CD6-3BC1-BCD5-959923E5F568}.Release|Win32.ActiveCfg = Release|Win32
		{7158A847-7CD6-3BC1-BCD5-959923E5F568}.Release|Win32.Build.0 = Release|Win32
		{7158A847-7CD6-3BC1-BCD5-959923E5F568}.MinSizeRel|Win32.ActiveCfg = MinSizeRel|Win32
		{7158A847-7CD6-3BC1-BCD5-959923E5F568}.MinSizeRel|Win32.Build.0 = MinSizeRel|Win32
		{7158A847-7CD6-3BC1-BCD5-959923E5F568}.RelWithDebInfo|Win32.ActiveCfg = RelWithDebInfo|Win32
		{7158A847-7CD6-3BC1-BCD5-959923E5F568}.RelWithDebInfo|Win32.Build.0 = RelWithDebInfo|Win32
		{12749C70-CC82-3A98-B961-00FCA7573F32}.Debug|Win32.ActiveCfg = Debug|Win32
		{12749C70-CC82-3A98-B961-00FCA7573F32}.Debug|Win32.Build.0 = Debug|Win32
		{12749C70-CC82-3A98-B961-00FCA7573F32}.Release|Win32.ActiveCfg = Release|Win32
		{12749C70-CC82-3A98-B961-00FCA7573F32}.Release|Win32.Build.0 = Release|Win32
		{12749C70-CC82-3A98-B961-00FCA7573F32}.MinSizeRel|Win32.ActiveCfg = MinSizeRel|Win32
		{12749C70-CC82-3A98-B961-00FCA7573F32}.MinSizeRel|Win32.Build.0 = MinSizeRel|Win32
		{12749C70-CC82-3A98-B961-00FCA7573F32}.RelWithDebInfo|Win32.ActiveCfg = RelWithDebInfo|Win32
		{12749C70-CC82-3A98-B961-00FCA7573F32}.RelWithDebInfo|Win32.Build.0 = RelWithDebInfo|Win32
		{ECFC747B-29D9-3B76-81AD-8A63F0C385BC}.Debug|Win32.ActiveCfg = Debug|Win32
		{ECFC747B-29D9-3B76-81AD-8A63F0C385BC}.Debug|Win32.Build.0 = Debug|Win32
		{ECFC747B-29D9-3B76-81AD-8A63F0C385BC}.Release|Win32.ActiveCfg = Release|Win32
		{ECFC747B-29D9-3B76-81AD-8A63F0C385BC}.Release|Win32.Build.0 = Release|Win32
		{ECFC747B-29D9-3B76-81AD-8A63F0C385BC}.MinSizeRel|Win32.ActiveCfg = MinSizeRel|Win32
		{ECFC747B-29D9-3B76-81AD-8A63F0C385BC}.MinSizeRel|Win32.Build.0 = MinSizeRel|Win32
		{ECFC747B-29D9-3B76-81AD-8A63F0C385BC}.RelWithDebInfo|Win32.ActiveCfg = RelWithDebInfo|Win32
		{ECFC747B-29D9-3B76-81AD-8A63F0C385BC}.RelWithDebInfo|Win32.Build.0 = RelWithDebInfo|Win32
		{58ECAE33-EBFC-3520-89CC-85E1E330E8AC}.Debug|Win32.ActiveCfg = Debug|Win32
		{58ECAE33-EBFC-3520-89CC-85E1E330E8AC}.Debug|Win32.Build.0 = Debug|Win32
		{58ECAE33-EBFC-3520-89CC-85E1E330E8AC}.Release|Win32.ActiveCfg = Release|Win32
		{58ECAE33-EBFC-3520-89CC-85E1E330E8AC}.Release|Win32.Build.0 = Release|Win32
		{58ECAE33-EBFC-3520-89CC-85E1E330E8AC}.MinSizeRel|Win32.ActiveCfg = MinSizeRel|Win32
		{58ECAE33-EBFC-3520-89CC-85E1E330E8AC}.MinSizeRel|Win32.Build.0 = MinSizeRel|Win32
		{58ECAE33-EBFC-3520-89CC-85E1E330E8AC}.RelWithDebInfo|Win32.ActiveCfg = RelWithDebInfo|Win32
		{58ECAE33-EBFC-3520-89CC-85E1E330E8AC}.RelWithDebInfo|Win32.Build.0 = RelWithDebInfo|Win32
		{78CC1C35-8E3C-3E3B-BFB0-93A02DB8AAC6}.Debug|Win32.ActiveCfg = Debug|Win32
		{78CC1C35-8E3C-3E3B-BFB0-93A02DB8AAC6}.Debug|Win32.Build.0 = Debug|Win32
		{78CC1C35-8E3C-3E3B-BFB0-93A02DB8AAC6}.Release|Win32.ActiveCfg = Release|Win32
		{78CC1C35-8E3C-3E3B-BFB0-93A02DB8AAC6}.Release|Win32.Build.0 = Release|Win32
		{78CC1C35-8E3C-3E3B-BFB0-93A02DB8AAC6}.MinSizeRel|Win32.ActiveCfg = MinSizeRel|Win32
		{78CC1C35-8E3C-3E3B-BFB0-93A02DB8AAC6}.MinSizeRel|Win32.Build.0 = MinSizeRel|Win32
		{78CC1C35-8E3C-3E3B-BFB0-93A02DB8AAC6}.RelWithDebInfo|Win32.ActiveCfg = RelWithDebInfo|Win32
		{78CC1C35-8E3C-3E3B-BFB0-93A02DB8AAC6}.RelWithDebInfo|Win32.Build.0 = RelWithDebInfo|Win32
		{A5D53202-5A3D-341B-9CCE-092339E529C8}.Debug|Win32.ActiveCfg = Debug|Win32
		{A5D53202-5A3D-341B-9CCE-092339E529C8}.Debug|Win32.Build.0 = Debug|Win32
		{A5D53202-5A3D-341B-9CCE-092339E529C8}.Release|Win32.ActiveCfg = Release|Win32
		{A5D53202-5A3D-341B-9CCE-092339E529C8}.Release|Win32.Build.0 = Release|Win32
		{A5D53202-5A3D-341B-9CCE-092339E529C8}.MinSizeRel|Win32.ActiveCfg = MinSizeRel|Win32
		{A5D53202-5A3D-341B-9CCE-092339E529C8}.MinSizeRel|Win32.Build.0 = MinSizeRel|Win32
		{A5D53202-5A3D-341B-9CCE-092339E529C8}.RelWithDebInfo|Win32.ActiveCfg = RelWithDebInfo|Win32
		{A5D53202-5A3D-341B-9CCE-092339E529C8}.RelWithDebInfo|Win32.Build.0 = RelWithDebInfo|Win32
		{0CB74702-42A7-30F8-8864-52B4C6EAB144}.Debug|Win32.ActiveCfg = Debug|Win32
		{0CB74702-42A7-30F8-8864-52B4C6EAB144}.Debug|Win32.Build.0 = Debug|Win32
		{0CB74702-42A7-30F8-8864-52B4C6EAB144}.Release|Win32.ActiveCfg = Release|Win32
		{0CB74702-42A7-30F8-8864-52B4C6EAB144}.Release|Win32.Build.0 = Release|Win32
		{0CB74702-42A7-30F8-8864-52B4C6EAB144}.MinSizeRel|Win32.ActiveCfg = MinSizeRel|Win32
		{0CB74702-42A7-30F8-8864-52B4C6EAB144}.MinSizeRel|Win32.Build.0 = MinSizeRel|Win32
		{0CB74702-42A7-30F8-8864-52B4C6EAB144}.RelWithDebInfo|Win32.ActiveCfg = RelWithDebInfo|Win32
		{0CB74702-42A7-30F8-8864-52B4C6EAB144}.RelWithDebInfo|Win32.Build.0 = RelWithDebInfo|Win32
		{A1E48E45-6ADD-3834-BD01-DA835358CBC9}.Debug|Win32.ActiveCfg = Debug|Win32
		{A1E48E45-6ADD-3834-BD01-DA835358CBC9}.Debug|Win32.Build.0 = Debug|Win32
		{A1E48E45-6ADD-3834-BD01-DA835358CBC9}.Release|Win32.ActiveCfg = Release|Win32
		{A1E48E45-6ADD-3834-BD01-DA835358CBC9}.Release|Win32.Build.0 = Release|Win32
		{A1E48E45-6ADD-3834-BD01-DA835358CBC9}.MinSizeRel|Win32.ActiveCfg = MinSizeRel|Win32
		{A1E48E45-6ADD-3834-BD01-DA835358CBC9}.MinSizeRel|Win32.Build.0 = MinSizeRel|Win32
		{A1E48E45-6ADD-3834-BD01-DA835358CBC9}.RelWithDebInfo|Win32.ActiveCfg = RelWithDebInfo|Win32
		{A1E48E45-6ADD-3834-BD01-DA835358CBC9}.RelWithDebInfo|Win32.Build.0 = RelWithDebInfo|Win32
		{5F7A83FF-0DFA-3C78-926C-5FEBC1A8B4A1}.Debug|Win32.ActiveCfg = Debug|Win32
		{5F7A83FF-0DFA-3C78-926C-5FEBC1A8B4A1}.Debug|Win32.Build.0 = Debug|Win32
		{5F7A83FF-0DFA-3C78-926C-5FEBC1A8B4A1}.Release|Win32.ActiveCfg = Release|Win32
		{5F7A83FF-0DFA-3C78-926C-5FEBC1A8B4A1}.Release|Win32.Build.0 = Release|Win32
		{5F7A83FF-0DFA-3C78-926C-5FEBC1A8B4A1}.MinSizeRel|Win32.ActiveCfg = MinSizeRel|Win32
		{5F7A83FF-0DFA-3C78-926C-5FEBC1A8B4A1}.MinSizeRel|Win32.Build.0 = MinSizeRel|Win32
		{5F7A83FF-0DFA-3C78-926C-5FEBC1A8B4A1}.RelWithDebInfo|Win32.ActiveCfg = RelWithDebInfo|Win32
		{5F7A83FF-0DFA-3C78-926C-5FEBC1A8B4A1}.RelWithDebInfo|Win32.Build.0 = RelWithDebInfo|Win32
		{5F487574-874A-3C9C-A4D9-FE2C453631D6}.Debug|Win32.ActiveCfg = Debug|Win32
		{5F487574-874A-3C9C-A4D9-FE2C453631D6}.Debug|Win32.Build.0 = Debug|Win32
		{5F487574-874A-3C9C-A4D9-FE2C453631D6}.Release|Win32.ActiveCfg = Release|Win32
		{5F487574-874A-3C9C-A4D9-FE2C453631D6}.Release|Win32.Build.0 = Release|Win32
		{5F487574-874A-3C9C-A4D9-FE2C453631D6}.MinSizeRel|Win32.ActiveCfg = MinSizeRel|Win32
		{5F487574-874A-3C9C-A4D9-FE2C453631D6}.MinSizeRel|Win32.Build.0 = MinSizeRel|Win32
		{5F487574-874A-3C9C-A4D9-FE2C453631D6}.RelWithDebInfo|Win32.ActiveCfg = RelWithDebInfo|Win32
		{5F487574-874A-3C9C-A4D9-FE2C453631D6}.RelWithDebInfo|Win32.Build.0 = RelWithDebInfo|Win32
		{E070C2D5-26E3-3D2D-82A7-27647D21A08E}.Debug|Win32.ActiveCfg = Debug|Win32
		{E070C2D5-26E3-3D2D-82A7-27647D21A08E}.Debug|Win32.Build.0 = Debug|Win32
		{E070C2D5-26E3-3D2D-82A7-27647D21A08E}.Release|Win32.ActiveCfg = Release|Win32
		{E070C2D5-26E3-3D2D-82A7-27647D21A08E}.Release|Win32.Build.0 = Release|Win32
		{E070C2D5-26E3-3D2D-82A7-27647D21A08E}.MinSizeRel|Win32.ActiveCfg = MinSizeRel|Win32
		{E070C2D5-26E3-3D2D-82A7-27647D21A08E}.MinSizeRel|Win32.Build.0 = MinSizeRel|Win32
		{E070C2D5-26E3-3D2D-82A7-27647D21A08E}.RelWithDebInfo|Win32.ActiveCfg = RelWithDebInfo|Win32
		{E070C2D5-26E3-3D2D-82A7-27647D21A08E}.RelWithDebInfo|Win32.Build.0 = RelWithDebInfo|Win32
		{26FD2EE5-5A2C-3019-9246-E8D3084C24F4}.Debug|Win32.ActiveCfg = Debug|Win32
		{26FD2EE5-5A2C-3019-9246-E8D3084C24F4}.Debug|Win32.Build.0 = Debug|Win32
		{26FD2EE5-5A2C-3019-9246-E8D3084C24F4}.Release|Win32.ActiveCfg = Release|Win32
		{26FD2EE5-5A2C-3019-9246-E8D3084C24F4}.Release|Win32.Build.0 = Release|Win32
		{26FD2EE5-5A2C-3019-9246-E8D3084C24F4}.MinSizeRel|Win32.ActiveCfg = MinSizeRel|Win32
		{26FD2EE5-5A2C-3019-9246-E8D3084C24F4}.MinSizeRel|Win32.Build.0 = MinSizeRel|Win32
		{26FD2EE5-5A2C-3019-9246-E8D3084C24F4}.RelWithDebInfo|Win32.ActiveCfg = RelWithDebInfo|Win32
		{26FD2EE5-5A2C-3019-9246-E8D3084C24F4}.RelWithDebInfo|Win32.Build.0 = RelWithDebInfo|Win32
		{6A1FAF4A-26A1-3553-9707-170D490E8DE1}.Debug|Win32.ActiveCfg = Debug|Win32
		{6A1FAF4A-26A1-3553-9707-170D490E8DE1}.Debug|Win32.Build.0 = Debug|Win32
		{6A1FAF4A-26A1-3553-9707-170D490E8DE1}.Release|Win32.ActiveCfg = Release|Win32
		{6A1FAF4A-26A1-3553-9707-170D490E8DE1}.Release|Win32.Build.0 = Release|Win32
		{6A1FAF4A-26A1-3553-9707-170D490E8DE1}.MinSizeRel|Win32.ActiveCfg = MinSizeRel|Win32
		{6A1FAF4A-26A1-3553-9707-170D490E8DE1}.MinSizeRel|Win32.Build.0 = MinSizeRel|Win32
		{6A1FAF4A-26A1-3553-9707-170D490E8DE1}.RelWithDebInfo|Win32.ActiveCfg = RelWithDebInfo|Win32
		{6A1FAF4A-26A1-3553-9707-170D490E8DE1}.RelWithDebInfo|Win32.Build.0 = RelWithDebInfo|Win32
	EndGlobalSection
	GlobalSection(NestedProjects) = preSolution
		{E599A517-65A0-345F-BE56-80813FD7FF82} = {04255A26-47E8-37E4-86BA-A82AE25A3584}
		{7158A847-7CD6-3BC1-BCD5-959923E5F568} = {04255A26-47E8-37E4-86BA-A82AE25A3584}
		{ECFC747B-29D9-3B76-81AD-8A63F0C385BC} = {B490C04C-8535-3113-867F-15713726BFBF}
		{58ECAE33-EBFC-3520-89CC-85E1E330E8AC} = {B490C04C-8535-3113-867F-15713726BFBF}
		{78CC1C35-8E3C-3E3B-BFB0-93A02DB8AAC6} = {B490C04C-8535-3113-867F-15713726BFBF}
		{A5D53202-5A3D-341B-9CCE-092339E529C8} = {B490C04C-8535-3113-867F-15713726BFBF}
		{0CB74702-42A7-30F8-8864-52B4C6EAB144} = {B490C04C-8535-3113-867F-15713726BFBF}
		{A1E48E45-6ADD-3834-BD01-DA835358CBC9} = {B490C04C-8535-3113-867F-15713726BFBF}
		{5F7A83FF-0DFA-3C78-926C-5FEBC1A8B4A1} = {B490C04C-8535-3113-867F-15713726BFBF}
		{5F487574-874A-3C9C-A4D9-FE2C453631D6} = {B490C04C-8535-3113-867F-15713726BFBF}
		{E070C2D5-26E3-3D2D-82A7-27647D21A08E} = {B490C04C-8535-3113-867F-15713726BFBF}
		{26FD2EE5-5A2C-3019-9246-E8D3084C24F4} = {B490C04C-8535-3113-867F-15713726BFBF}
		{6A1FAF4A-26A1-3553-9707-170D490E8DE1} = {B490C04C-8535-3113-867F-15713726BFBF}
		{12749C70-CC82-3A98-B961-00FCA7573F32} = {1F0A0DB7-1A93-3F8F-83C2-1B26BB5800D1}
	EndGlobalSection
	GlobalSection(ExtensibilityGlobals) = postSolution
		SolutionGuid = {CA3723EB-4B6F-347C-9744-416B09818B81}
	EndGlobalSection
	GlobalSection(ExtensibilityAddIns) = postSolution
	EndGlobalSection
EndGlobal
